
Microsoft Visual Studio Solution File, Format Version 12.00
# Visual Studio Version 17
VisualStudioVersion = 17.11.35327.3
MinimumVisualStudioVersion = 10.0.40219.1
Project("{FAE04EC0-301F-11D3-BF4B-00C04F79EFBC}") = "CSharpRecords", "CSharpRecords\CSharpRecords.csproj", "{9C6CBA13-A909-4B2F-A0D1-0C991E96388F}"
EndProject
Global
	GlobalSection(SolutionConfigurationPlatforms) = preSolution
		Debug|Any CPU = Debug|Any CPU
		Release|Any CPU = Release|Any CPU
	EndGlobalSection
	GlobalSection(ProjectConfigurationPlatforms) = postSolution
		{9C6CBA13-A909-4B2F-A0D1-0C991E96388F}.Debug|Any CPU.ActiveCfg = Debug|Any CPU
		{9C6CBA13-A909-4B2F-A0D1-0C991E96388F}.Debug|Any CPU.Build.0 = Debug|Any CPU
		{9C6CBA13-A909-4B2F-A0D1-0C991E96388F}.Release|Any CPU.ActiveCfg = Release|Any CPU
		{9C6CBA13-A909-4B2F-A0D1-0C991E96388F}.Release|Any CPU.Build.0 = Release|Any CPU
	EndGlobalSection
	GlobalSection(SolutionProperties) = preSolution
		HideSolutionNode = FALSE
	EndGlobalSection
	GlobalSection(ExtensibilityGlobals) = postSolution
		SolutionGuid = {A33A7BEA-F9BE-41F7-8DF5-314EF76B0A38}
	EndGlobalSection
EndGlobal
